
Microsoft Visual Studio Solution File, Format Version 12.00
# Visual Studio Version 17
VisualStudioVersion = 17.8.34330.188
MinimumVisualStudioVersion = 10.0.40219.1
Project("{FAE04EC0-301F-11D3-BF4B-00C04F79EFBC}") = "EmailNotificationModule", "EmailNotificationModule\EmailNotificationModule.csproj", "{9615A7F4-6C86-4A84-8329-6D88EE0EEE33}"
EndProject
Project("{FAE04EC0-301F-11D3-BF4B-00C04F79EFBC}") = "TicketProcessingApp", "TicketProcessingApp\TicketProcessingApp.csproj", "{AC95626D-A458-4AEE-8497-60785DFC7B98}"
EndProject
Global
	GlobalSection(SolutionConfigurationPlatforms) = preSolution
		Debug|Any CPU = Debug|Any CPU
		Release|Any CPU = Release|Any CPU
	EndGlobalSection
	GlobalSection(ProjectConfigurationPlatforms) = postSolution
		{9615A7F4-6C86-4A84-8329-6D88EE0EEE33}.Debug|Any CPU.ActiveCfg = Debug|Any CPU
		{9615A7F4-6C86-4A84-8329-6D88EE0EEE33}.Debug|Any CPU.Build.0 = Debug|Any CPU
		{9615A7F4-6C86-4A84-8329-6D88EE0EEE33}.Release|Any CPU.ActiveCfg = Release|Any CPU
		{9615A7F4-6C86-4A84-8329-6D88EE0EEE33}.Release|Any CPU.Build.0 = Release|Any CPU
		{AC95626D-A458-4AEE-8497-60785DFC7B98}.Debug|Any CPU.ActiveCfg = Debug|Any CPU
		{AC95626D-A458-4AEE-8497-60785DFC7B98}.Debug|Any CPU.Build.0 = Debug|Any CPU
		{AC95626D-A458-4AEE-8497-60785DFC7B98}.Release|Any CPU.ActiveCfg = Release|Any CPU
		{AC95626D-A458-4AEE-8497-60785DFC7B98}.Release|Any CPU.Build.0 = Release|Any CPU
	EndGlobalSection
	GlobalSection(SolutionProperties) = preSolution
		HideSolutionNode = FALSE
	EndGlobalSection
	GlobalSection(ExtensibilityGlobals) = postSolution
		SolutionGuid = {D6F86CA4-A9EF-48F6-A6AC-1D0DC4D28F00}
	EndGlobalSection
EndGlobal
